// !$*UTF8*$!
{
	archiveVersion = 1;
	classes = {
	};
	objectVersion = 77;
	objects = {

/* Begin PBXContainerItemProxy section */
		75B9184C2CADC088008B895A /* PBXContainerItemProxy */ = {
			isa = PBXContainerItemProxy;
			containerPortal = 75B9182D2CADC086008B895A /* Project object */;
			proxyType = 1;
			remoteGlobalIDString = 75B918342CADC086008B895A;
			remoteInfo = "JustChat JustChat";
		};
		75B918562CADC088008B895A /* PBXContainerItemProxy */ = {
			isa = PBXContainerItemProxy;
			containerPortal = 75B9182D2CADC086008B895A /* Project object */;
			proxyType = 1;
			remoteGlobalIDString = 75B918342CADC086008B895A;
			remoteInfo = "JustChat JustChat";
		};
/* End PBXContainerItemProxy section */

/* Begin PBXFileReference section */
		75B918352CADC086008B895A /* JustChat JustChat.app */ = {isa = PBXFileReference; explicitFileType = wrapper.application; includeInIndex = 0; path = "JustChat JustChat.app"; sourceTree = BUILT_PRODUCTS_DIR; };
		75B9184B2CADC088008B895A /* JustChat JustChatTests.xctest */ = {isa = PBXFileReference; explicitFileType = wrapper.cfbundle; includeInIndex = 0; path = "JustChat JustChatTests.xctest"; sourceTree = BUILT_PRODUCTS_DIR; };
		75B918552CADC088008B895A /* JustChat JustChatUITests.xctest */ = {isa = PBXFileReference; explicitFileType = wrapper.cfbundle; includeInIndex = 0; path = "JustChat JustChatUITests.xctest"; sourceTree = BUILT_PRODUCTS_DIR; };
/* End PBXFileReference section */

/* Begin PBXFileSystemSynchronizedBuildFileExceptionSet section */
		75B9185D2CADC088008B895A /* Exceptions for "JustChat JustChat" folder in "JustChat JustChat" target */ = {
			isa = PBXFileSystemSynchronizedBuildFileExceptionSet;
			membershipExceptions = (
				Info.plist,
			);
			target = 75B918342CADC086008B895A /* JustChat JustChat */;
		};
/* End PBXFileSystemSynchronizedBuildFileExceptionSet section */

/* Begin PBXFileSystemSynchronizedRootGroup section */
		75B918372CADC087008B895A /* JustChat JustChat */ = {
			isa = PBXFileSystemSynchronizedRootGroup;
			exceptions = (
				75B9185D2CADC088008B895A /* Exceptions for "JustChat JustChat" folder in "JustChat JustChat" target */,
			);
			path = "JustChat JustChat";
			sourceTree = "<group>";
		};
		75B9184E2CADC088008B895A /* JustChat JustChatTests */ = {
			isa = PBXFileSystemSynchronizedRootGroup;
			path = "JustChat JustChatTests";
			sourceTree = "<group>";
		};
		75B918582CADC088008B895A /* JustChat JustChatUITests */ = {
			isa = PBXFileSystemSynchronizedRootGroup;
			path = "JustChat JustChatUITests";
			sourceTree = "<group>";
		};
/* End PBXFileSystemSynchronizedRootGroup section */

/* Begin PBXFrameworksBuildPhase section */
		75B918322CADC086008B895A /* Frameworks */ = {
			isa = PBXFrameworksBuildPhase;
			buildActionMask = 2147483647;
			files = (
			);
			runOnlyForDeploymentPostprocessing = 0;
		};
		75B918482CADC088008B895A /* Frameworks */ = {
			isa = PBXFrameworksBuildPhase;
			buildActionMask = 2147483647;
			files = (
			);
			runOnlyForDeploymentPostprocessing = 0;
		};
		75B918522CADC088008B895A /* Frameworks */ = {
			isa = PBXFrameworksBuildPhase;
			buildActionMask = 2147483647;
			files = (
			);
			runOnlyForDeploymentPostprocessing = 0;
		};
/* End PBXFrameworksBuildPhase section */

/* Begin PBXGroup section */
		75B9182C2CADC086008B895A = {
			isa = PBXGroup;
			children = (
				75B918372CADC087008B895A /* JustChat JustChat */,
				75B9184E2CADC088008B895A /* JustChat JustChatTests */,
				75B918582CADC088008B895A /* JustChat JustChatUITests */,
				75B918362CADC086008B895A /* Products */,
			);
			sourceTree = "<group>";
		};
		75B918362CADC086008B895A /* Products */ = {
			isa = PBXGroup;
			children = (
				75B918352CADC086008B895A /* JustChat JustChat.app */,
				75B9184B2CADC088008B895A /* JustChat JustChatTests.xctest */,
				75B918552CADC088008B895A /* JustChat JustChatUITests.xctest */,
			);
			name = Products;
			sourceTree = "<group>";
		};
/* End PBXGroup section */

/* Begin PBXNativeTarget section */
		75B918342CADC086008B895A /* JustChat JustChat */ = {
			isa = PBXNativeTarget;
			buildConfigurationList = 75B9185E2CADC088008B895A /* Build configuration list for PBXNativeTarget "JustChat JustChat" */;
			buildPhases = (
				75B918312CADC086008B895A /* Sources */,
				75B918322CADC086008B895A /* Frameworks */,
				75B918332CADC086008B895A /* Resources */,
			);
			buildRules = (
			);
			dependencies = (
			);
			fileSystemSynchronizedGroups = (
				75B918372CADC087008B895A /* JustChat JustChat */,
			);
			name = "JustChat JustChat";
			packageProductDependencies = (
			);
			productName = "JustChat JustChat";
			productReference = 75B918352CADC086008B895A /* JustChat JustChat.app */;
			productType = "com.apple.product-type.application";
		};
		75B9184A2CADC088008B895A /* JustChat JustChatTests */ = {
			isa = PBXNativeTarget;
			buildConfigurationList = 75B918632CADC088008B895A /* Build configuration list for PBXNativeTarget "JustChat JustChatTests" */;
			buildPhases = (
				75B918472CADC088008B895A /* Sources */,
				75B918482CADC088008B895A /* Frameworks */,
				75B918492CADC088008B895A /* Resources */,
			);
			buildRules = (
			);
			dependencies = (
				75B9184D2CADC088008B895A /* PBXTargetDependency */,
			);
			fileSystemSynchronizedGroups = (
				75B9184E2CADC088008B895A /* JustChat JustChatTests */,
			);
			name = "JustChat JustChatTests";
			packageProductDependencies = (
			);
			productName = "JustChat JustChatTests";
			productReference = 75B9184B2CADC088008B895A /* JustChat JustChatTests.xctest */;
			productType = "com.apple.product-type.bundle.unit-test";
		};
		75B918542CADC088008B895A /* JustChat JustChatUITests */ = {
			isa = PBXNativeTarget;
			buildConfigurationList = 75B918662CADC088008B895A /* Build configuration list for PBXNativeTarget "JustChat JustChatUITests" */;
			buildPhases = (
				75B918512CADC088008B895A /* Sources */,
				75B918522CADC088008B895A /* Frameworks */,
				75B918532CADC088008B895A /* Resources */,
			);
			buildRules = (
			);
			dependencies = (
				75B918572CADC088008B895A /* PBXTargetDependency */,
			);
			fileSystemSynchronizedGroups = (
				75B918582CADC088008B895A /* JustChat JustChatUITests */,
			);
			name = "JustChat JustChatUITests";
			packageProductDependencies = (
			);
			productName = "JustChat JustChatUITests";
			productReference = 75B918552CADC088008B895A /* JustChat JustChatUITests.xctest */;
			productType = "com.apple.product-type.bundle.ui-testing";
		};
/* End PBXNativeTarget section */

/* Begin PBXProject section */
		75B9182D2CADC086008B895A /* Project object */ = {
			isa = PBXProject;
			attributes = {
				BuildIndependentTargetsInParallel = 1;
				LastSwiftUpdateCheck = 1600;
				LastUpgradeCheck = 1600;
				TargetAttributes = {
					75B918342CADC086008B895A = {
						CreatedOnToolsVersion = 16.0;
					};
					75B9184A2CADC088008B895A = {
						CreatedOnToolsVersion = 16.0;
						TestTargetID = 75B918342CADC086008B895A;
					};
					75B918542CADC088008B895A = {
						CreatedOnToolsVersion = 16.0;
						TestTargetID = 75B918342CADC086008B895A;
					};
				};
			};
			buildConfigurationList = 75B918302CADC086008B895A /* Build configuration list for PBXProject "JustChat JustChat" */;
			developmentRegion = en;
			hasScannedForEncodings = 0;
			knownRegions = (
				en,
				Base,
			);
			mainGroup = 75B9182C2CADC086008B895A;
			minimizedProjectReferenceProxies = 1;
			preferredProjectObjectVersion = 77;
			productRefGroup = 75B918362CADC086008B895A /* Products */;
			projectDirPath = "";
			projectRoot = "";
			targets = (
				75B918342CADC086008B895A /* JustChat JustChat */,
				75B9184A2CADC088008B895A /* JustChat JustChatTests */,
				75B918542CADC088008B895A /* JustChat JustChatUITests */,
			);
		};
/* End PBXProject section */

/* Begin PBXResourcesBuildPhase section */
		75B918332CADC086008B895A /* Resources */ = {
			isa = PBXResourcesBuildPhase;
			buildActionMask = 2147483647;
			files = (
			);
			runOnlyForDeploymentPostprocessing = 0;
		};
		75B918492CADC088008B895A /* Resources */ = {
			isa = PBXResourcesBuildPhase;
			buildActionMask = 2147483647;
			files = (
			);
			runOnlyForDeploymentPostprocessing = 0;
		};
		75B918532CADC088008B895A /* Resources */ = {
			isa = PBXResourcesBuildPhase;
			buildActionMask = 2147483647;
			files = (
			);
			runOnlyForDeploymentPostprocessing = 0;
		};
/* End PBXResourcesBuildPhase section */

/* Begin PBXSourcesBuildPhase section */
		75B918312CADC086008B895A /* Sources */ = {
			isa = PBXSourcesBuildPhase;
			buildActionMask = 2147483647;
			files = (
			);
			runOnlyForDeploymentPostprocessing = 0;
		};
		75B918472CADC088008B895A /* Sources */ = {
			isa = PBXSourcesBuildPhase;
			buildActionMask = 2147483647;
			files = (
			);
			runOnlyForDeploymentPostprocessing = 0;
		};
		75B918512CADC088008B895A /* Sources */ = {
			isa = PBXSourcesBuildPhase;
			buildActionMask = 2147483647;
			files = (
			);
			runOnlyForDeploymentPostprocessing = 0;
		};
/* End PBXSourcesBuildPhase section */

/* Begin PBXTargetDependency section */
		75B9184D2CADC088008B895A /* PBXTargetDependency */ = {
			isa = PBXTargetDependency;
			target = 75B918342CADC086008B895A /* JustChat JustChat */;
			targetProxy = 75B9184C2CADC088008B895A /* PBXContainerItemProxy */;
		};
		75B918572CADC088008B895A /* PBXTargetDependency */ = {
			isa = PBXTargetDependency;
			target = 75B918342CADC086008B895A /* JustChat JustChat */;
			targetProxy = 75B918562CADC088008B895A /* PBXContainerItemProxy */;
		};
/* End PBXTargetDependency section */

/* Begin XCBuildConfiguration section */
		75B9185F2CADC088008B895A /* Debug */ = {
			isa = XCBuildConfiguration;
			buildSettings = {
				ASSETCATALOG_COMPILER_APPICON_NAME = AppIcon;
				ASSETCATALOG_COMPILER_GLOBAL_ACCENT_COLOR_NAME = AccentColor;
				CODE_SIGN_STYLE = Automatic;
				CURRENT_PROJECT_VERSION = 1;
				DEVELOPMENT_TEAM = 6Y5PUW25YQ;
				GENERATE_INFOPLIST_FILE = YES;
				INFOPLIST_FILE = "JustChat JustChat/Info.plist";
				INFOPLIST_KEY_UIApplicationSupportsIndirectInputEvents = YES;
				INFOPLIST_KEY_UILaunchStoryboardName = LaunchScreen;
				INFOPLIST_KEY_UIMainStoryboardFile = Main;
				INFOPLIST_KEY_UISupportedInterfaceOrientations_iPad = "UIInterfaceOrientationPortrait UIInterfaceOrientationPortraitUpsideDown UIInterfaceOrientationLandscapeLeft UIInterfaceOrientationLandscapeRight";
				INFOPLIST_KEY_UISupportedInterfaceOrientations_iPhone = "UIInterfaceOrientationPortrait UIInterfaceOrientationLandscapeLeft UIInterfaceOrientationLandscapeRight";
				LD_RUNPATH_SEARCH_PATHS = (
					"$(inherited)",
					"@executable_path/Frameworks",
				);
				MARKETING_VERSION = 1.0;
				PRODUCT_BUNDLE_IDENTIFIER = "com.arturLebedev.JustChat-JustChat";
				PRODUCT_NAME = "$(TARGET_NAME)";
				SWIFT_EMIT_LOC_STRINGS = YES;
				SWIFT_VERSION = 5.0;
				TARGETED_DEVICE_FAMILY = "1,2";
			};
			name = Debug;
		};
		75B918602CADC088008B895A /* Release */ = {
			isa = XCBuildConfiguration;
			buildSettings = {
				ASSETCATALOG_COMPILER_APPICON_NAME = AppIcon;
				ASSETCATALOG_COMPILER_GLOBAL_ACCENT_COLOR_NAME = AccentColor;
				CODE_SIGN_STYLE = Automatic;
				CURRENT_PROJECT_VERSION = 1;
				DEVELOPMENT_TEAM = 6Y5PUW25YQ;
				GENERATE_INFOPLIST_FILE = YES;
				INFOPLIST_FILE = "JustChat JustChat/Info.plist";
				INFOPLIST_KEY_UIApplicationSupportsIndirectInputEvents = YES;
				INFOPLIST_KEY_UILaunchStoryboardName = LaunchScreen;
				INFOPLIST_KEY_UIMainStoryboardFile = Main;
				INFOPLIST_KEY_UISupportedInterfaceOrientations_iPad = "UIInterfaceOrientationPortrait UIInterfaceOrientationPortraitUpsideDown UIInterfaceOrientationLandscapeLeft UIInterfaceOrientationLandscapeRight";
				INFOPLIST_KEY_UISupportedInterfaceOrientations_iPhone = "UIInterfaceOrientationPortrait UIInterfaceOrientationLandscapeLeft UIInterfaceOrientationLandscapeRight";
				LD_RUNPATH_SEARCH_PATHS = (
					"$(inherited)",
					"@executable_path/Frameworks",
				);
				MARKETING_VERSION = 1.0;
				PRODUCT_BUNDLE_IDENTIFIER = "com.arturLebedev.JustChat-JustChat";
				PRODUCT_NAME = "$(TARGET_NAME)";
				SWIFT_EMIT_LOC_STRINGS = YES;
				SWIFT_VERSION = 5.0;
				TARGETED_DEVICE_FAMILY = "1,2";
			};
			name = Release;
		};
		75B918612CADC088008B895A /* Debug */ = {
			isa = XCBuildConfiguration;
			buildSettings = {
				ALWAYS_SEARCH_USER_PATHS = NO;
				ASSETCATALOG_COMPILER_GENERATE_SWIFT_ASSET_SYMBOL_EXTENSIONS = YES;
				CLANG_ANALYZER_NONNULL = YES;
				CLANG_ANALYZER_NUMBER_OBJECT_CONVERSION = YES_AGGRESSIVE;
				CLANG_CXX_LANGUAGE_STANDARD = "gnu++20";
				CLANG_ENABLE_MODULES = YES;
				CLANG_ENABLE_OBJC_ARC = YES;
				CLANG_ENABLE_OBJC_WEAK = YES;
				CLANG_WARN_BLOCK_CAPTURE_AUTORELEASING = YES;
				CLANG_WARN_BOOL_CONVERSION = YES;
				CLANG_WARN_COMMA = YES;
				CLANG_WARN_CONSTANT_CONVERSION = YES;
				CLANG_WARN_DEPRECATED_OBJC_IMPLEMENTATIONS = YES;
				CLANG_WARN_DIRECT_OBJC_ISA_USAGE = YES_ERROR;
				CLANG_WARN_DOCUMENTATION_COMMENTS = YES;
				CLANG_WARN_EMPTY_BODY = YES;
				CLANG_WARN_ENUM_CONVERSION = YES;
				CLANG_WARN_INFINITE_RECURSION = YES;
				CLANG_WARN_INT_CONVERSION = YES;
				CLANG_WARN_NON_LITERAL_NULL_CONVERSION = YES;
				CLANG_WARN_OBJC_IMPLICIT_RETAIN_SELF = YES;
				CLANG_WARN_OBJC_LITERAL_CONVERSION = YES;
				CLANG_WARN_OBJC_ROOT_CLASS = YES_ERROR;
				CLANG_WARN_QUOTED_INCLUDE_IN_FRAMEWORK_HEADER = YES;
				CLANG_WARN_RANGE_LOOP_ANALYSIS = YES;
				CLANG_WARN_STRICT_PROTOTYPES = YES;
				CLANG_WARN_SUSPICIOUS_MOVE = YES;
				CLANG_WARN_UNGUARDED_AVAILABILITY = YES_AGGRESSIVE;
				CLANG_WARN_UNREACHABLE_CODE = YES;
				CLANG_WARN__DUPLICATE_METHOD_MATCH = YES;
				COPY_PHASE_STRIP = NO;
				DEBUG_INFORMATION_FORMAT = dwarf;
				ENABLE_STRICT_OBJC_MSGSEND = YES;
				ENABLE_TESTABILITY = YES;
				ENABLE_USER_SCRIPT_SANDBOXING = YES;
				GCC_C_LANGUAGE_STANDARD = gnu17;
				GCC_DYNAMIC_NO_PIC = NO;
				GCC_NO_COMMON_BLOCKS = YES;
				GCC_OPTIMIZATION_LEVEL = 0;
				GCC_PREPROCESSOR_DEFINITIONS = (
					"DEBUG=1",
					"$(inherited)",
				);
				GCC_WARN_64_TO_32_BIT_CONVERSION = YES;
				GCC_WARN_ABOUT_RETURN_TYPE = YES_ERROR;
				GCC_WARN_UNDECLARED_SELECTOR = YES;
				GCC_WARN_UNINITIALIZED_AUTOS = YES_AGGRESSIVE;
				GCC_WARN_UNUSED_FUNCTION = YES;
				GCC_WARN_UNUSED_VARIABLE = YES;
				IPHONEOS_DEPLOYMENT_TARGET = 18.0;
				LOCALIZATION_PREFERS_STRING_CATALOGS = YES;
				MTL_ENABLE_DEBUG_INFO = INCLUDE_SOURCE;
				MTL_FAST_MATH = YES;
				ONLY_ACTIVE_ARCH = YES;
				SDKROOT = iphoneos;
				SWIFT_ACTIVE_COMPILATION_CONDITIONS = "DEBUG $(inherited)";
				SWIFT_OPTIMIZATION_LEVEL = "-Onone";
			};
			name = Debug;
		};
		75B918622CADC088008B895A /* Release */ = {
			isa = XCBuildConfiguration;
			buildSettings = {
				ALWAYS_SEARCH_USER_PATHS = NO;
				ASSETCATALOG_COMPILER_GENERATE_SWIFT_ASSET_SYMBOL_EXTENSIONS = YES;
				CLANG_ANALYZER_NONNULL = YES;
				CLANG_ANALYZER_NUMBER_OBJECT_CONVERSION = YES_AGGRESSIVE;
				CLANG_CXX_LANGUAGE_STANDARD = "gnu++20";
				CLANG_ENABLE_MODULES = YES;
				CLANG_ENABLE_OBJC_ARC = YES;
				CLANG_ENABLE_OBJC_WEAK = YES;
				CLANG_WARN_BLOCK_CAPTURE_AUTORELEASING = YES;
				CLANG_WARN_BOOL_CONVERSION = YES;
				CLANG_WARN_COMMA = YES;
				CLANG_WARN_CONSTANT_CONVERSION = YES;
				CLANG_WARN_DEPRECATED_OBJC_IMPLEMENTATIONS = YES;
				CLANG_WARN_DIRECT_OBJC_ISA_USAGE = YES_ERROR;
				CLANG_WARN_DOCUMENTATION_COMMENTS = YES;
				CLANG_WARN_EMPTY_BODY = YES;
				CLANG_WARN_ENUM_CONVERSION = YES;
				CLANG_WARN_INFINITE_RECURSION = YES;
				CLANG_WARN_INT_CONVERSION = YES;
				CLANG_WARN_NON_LITERAL_NULL_CONVERSION = YES;
				CLANG_WARN_OBJC_IMPLICIT_RETAIN_SELF = YES;
				CLANG_WARN_OBJC_LITERAL_CONVERSION = YES;
				CLANG_WARN_OBJC_ROOT_CLASS = YES_ERROR;
				CLANG_WARN_QUOTED_INCLUDE_IN_FRAMEWORK_HEADER = YES;
				CLANG_WARN_RANGE_LOOP_ANALYSIS = YES;
				CLANG_WARN_STRICT_PROTOTYPES = YES;
				CLANG_WARN_SUSPICIOUS_MOVE = YES;
				CLANG_WARN_UNGUARDED_AVAILABILITY = YES_AGGRESSIVE;
				CLANG_WARN_UNREACHABLE_CODE = YES;
				CLANG_WARN__DUPLICATE_METHOD_MATCH = YES;
				COPY_PHASE_STRIP = NO;
				DEBUG_INFORMATION_FORMAT = "dwarf-with-dsym";
				ENABLE_NS_ASSERTIONS = NO;
				ENABLE_STRICT_OBJC_MSGSEND = YES;
				ENABLE_USER_SCRIPT_SANDBOXING = YES;
				GCC_C_LANGUAGE_STANDARD = gnu17;
				GCC_NO_COMMON_BLOCKS = YES;
				GCC_WARN_64_TO_32_BIT_CONVERSION = YES;
				GCC_WARN_ABOUT_RETURN_TYPE = YES_ERROR;
				GCC_WARN_UNDECLARED_SELECTOR = YES;
				GCC_WARN_UNINITIALIZED_AUTOS = YES_AGGRESSIVE;
				GCC_WARN_UNUSED_FUNCTION = YES;
				GCC_WARN_UNUSED_VARIABLE = YES;
				IPHONEOS_DEPLOYMENT_TARGET = 18.0;
				LOCALIZATION_PREFERS_STRING_CATALOGS = YES;
				MTL_ENABLE_DEBUG_INFO = NO;
				MTL_FAST_MATH = YES;
				SDKROOT = iphoneos;
				SWIFT_COMPILATION_MODE = wholemodule;
				VALIDATE_PRODUCT = YES;
			};
			name = Release;
		};
		75B918642CADC088008B895A /* Debug */ = {
			isa = XCBuildConfiguration;
			buildSettings = {
				BUNDLE_LOADER = "$(TEST_HOST)";
				CODE_SIGN_STYLE = Automatic;
				CURRENT_PROJECT_VERSION = 1;
				DEVELOPMENT_TEAM = 6Y5PUW25YQ;
				GENERATE_INFOPLIST_FILE = YES;
				IPHONEOS_DEPLOYMENT_TARGET = 18.0;
				MARKETING_VERSION = 1.0;
				PRODUCT_BUNDLE_IDENTIFIER = "com.arturLebedev.JustChat-JustChatTests";
				PRODUCT_NAME = "$(TARGET_NAME)";
				SWIFT_EMIT_LOC_STRINGS = NO;
				SWIFT_VERSION = 5.0;
				TARGETED_DEVICE_FAMILY = "1,2";
				TEST_HOST = "$(BUILT_PRODUCTS_DIR)/JustChat JustChat.app/$(BUNDLE_EXECUTABLE_FOLDER_PATH)/JustChat JustChat";
			};
			name = Debug;
		};
		75B918652CADC088008B895A /* Release */ = {
			isa = XCBuildConfiguration;
			buildSettings = {
				BUNDLE_LOADER = "$(TEST_HOST)";
				CODE_SIGN_STYLE = Automatic;
				CURRENT_PROJECT_VERSION = 1;
				DEVELOPMENT_TEAM = 6Y5PUW25YQ;
				GENERATE_INFOPLIST_FILE = YES;
				IPHONEOS_DEPLOYMENT_TARGET = 18.0;
				MARKETING_VERSION = 1.0;
				PRODUCT_BUNDLE_IDENTIFIER = "com.arturLebedev.JustChat-JustChatTests";
				PRODUCT_NAME = "$(TARGET_NAME)";
				SWIFT_EMIT_LOC_STRINGS = NO;
				SWIFT_VERSION = 5.0;
				TARGETED_DEVICE_FAMILY = "1,2";
				TEST_HOST = "$(BUILT_PRODUCTS_DIR)/JustChat JustChat.app/$(BUNDLE_EXECUTABLE_FOLDER_PATH)/JustChat JustChat";
			};
			name = Release;
		};
		75B918672CADC088008B895A /* Debug */ = {
			isa = XCBuildConfiguration;
			buildSettings = {
				CODE_SIGN_STYLE = Automatic;
				CURRENT_PROJECT_VERSION = 1;
				DEVELOPMENT_TEAM = 6Y5PUW25YQ;
				GENERATE_INFOPLIST_FILE = YES;
				MARKETING_VERSION = 1.0;
				PRODUCT_BUNDLE_IDENTIFIER = "com.arturLebedev.JustChat-JustChatUITests";
				PRODUCT_NAME = "$(TARGET_NAME)";
				SWIFT_EMIT_LOC_STRINGS = NO;
				SWIFT_VERSION = 5.0;
				TARGETED_DEVICE_FAMILY = "1,2";
				TEST_TARGET_NAME = "JustChat JustChat";
			};
			name = Debug;
		};
		75B918682CADC088008B895A /* Release */ = {
			isa = XCBuildConfiguration;
			buildSettings = {
				CODE_SIGN_STYLE = Automatic;
				CURRENT_PROJECT_VERSION = 1;
				DEVELOPMENT_TEAM = 6Y5PUW25YQ;
				GENERATE_INFOPLIST_FILE = YES;
				MARKETING_VERSION = 1.0;
				PRODUCT_BUNDLE_IDENTIFIER = "com.arturLebedev.JustChat-JustChatUITests";
				PRODUCT_NAME = "$(TARGET_NAME)";
				SWIFT_EMIT_LOC_STRINGS = NO;
				SWIFT_VERSION = 5.0;
				TARGETED_DEVICE_FAMILY = "1,2";
				TEST_TARGET_NAME = "JustChat JustChat";
			};
			name = Release;
		};
/* End XCBuildConfiguration section */

/* Begin XCConfigurationList section */
		75B918302CADC086008B895A /* Build configuration list for PBXProject "JustChat JustChat" */ = {
			isa = XCConfigurationList;
			buildConfigurations = (
				75B918612CADC088008B895A /* Debug */,
				75B918622CADC088008B895A /* Release */,
			);
			defaultConfigurationIsVisible = 0;
			defaultConfigurationName = Release;
		};
		75B9185E2CADC088008B895A /* Build configuration list for PBXNativeTarget "JustChat JustChat" */ = {
			isa = XCConfigurationList;
			buildConfigurations = (
				75B9185F2CADC088008B895A /* Debug */,
				75B918602CADC088008B895A /* Release */,
			);
			defaultConfigurationIsVisible = 0;
			defaultConfigurationName = Release;
		};
		75B918632CADC088008B895A /* Build configuration list for PBXNativeTarget "JustChat JustChatTests" */ = {
			isa = XCConfigurationList;
			buildConfigurations = (
				75B918642CADC088008B895A /* Debug */,
				75B918652CADC088008B895A /* Release */,
			);
			defaultConfigurationIsVisible = 0;
			defaultConfigurationName = Release;
		};
		75B918662CADC088008B895A /* Build configuration list for PBXNativeTarget "JustChat JustChatUITests" */ = {
			isa = XCConfigurationList;
			buildConfigurations = (
				75B918672CADC088008B895A /* Debug */,
				75B918682CADC088008B895A /* Release */,
			);
			defaultConfigurationIsVisible = 0;
			defaultConfigurationName = Release;
		};
/* End XCConfigurationList section */
	};
	rootObject = 75B9182D2CADC086008B895A /* Project object */;
}
